PODS:
  - PPG_framework (1.2.0)
  - PPG_InAppMessages (4.2.1)

DEPENDENCIES:
  - PPG_framework (from `https://github.com/ppgco/ios-sdk`)
  - PPG_InAppMessages (from `https://github.com/ppgco/ios-sdk`)

EXTERNAL SOURCES:
  PPG_framework:
    :git: https://github.com/ppgco/ios-sdk
  PPG_InAppMessages:
    :git: https://github.com/ppgco/ios-sdk

CHECKOUT OPTIONS:
  PPG_framework:
    :commit: e2a17d3f71edf8d5cc6b93375828b5a47898b4a1
    :git: https://github.com/ppgco/ios-sdk
  PPG_InAppMessages:
    :commit: 44ec2ff519cc0f68275ccf8d4424de83dd58a6fc
    :git: https://github.com/ppgco/ios-sdk

SPEC CHECKSUMS:
  PPG_framework: 8fb3b0bf101b73d38518fe41d3cb95d52a1dd53a
  PPG_InAppMessages: bbb92d608a3322c7cf44459443f361a15d56d001

PODFILE CHECKSUM: 47b7a603ad8b4750e82f802ccc6e62e7b9ee6a85

COCOAPODS: 1.16.2
